
Microsoft Visual Studio Solution File, Format Version 12.00
# Visual Studio Version 16
VisualStudioVersion = 25.0.1703.6
MinimumVisualStudioVersion = 10.0.40219.1
Project("{FAE04EC0-301F-11D3-BF4B-00C04F79EFBC}") = "UnitTestConsole", "UnitTestConsole\UnitTestConsole.csproj", "{F50E8C0D-3066-4801-B3F7-57FF25AACEA3}"
EndProject
Global
	GlobalSection(SolutionConfigurationPlatforms) = preSolution
		Debug|Any CPU = Debug|Any CPU
		Release|Any CPU = Release|Any CPU
	EndGlobalSection
	GlobalSection(ProjectConfigurationPlatforms) = postSolution
		{F50E8C0D-3066-4801-B3F7-57FF25AACEA3}.Debug|Any CPU.ActiveCfg = Debug|Any CPU
		{F50E8C0D-3066-4801-B3F7-57FF25AACEA3}.Debug|Any CPU.Build.0 = Debug|Any CPU
		{F50E8C0D-3066-4801-B3F7-57FF25AACEA3}.Release|Any CPU.ActiveCfg = Release|Any CPU
		{F50E8C0D-3066-4801-B3F7-57FF25AACEA3}.Release|Any CPU.Build.0 = Release|Any CPU
	EndGlobalSection
	GlobalSection(SolutionProperties) = preSolution
		HideSolutionNode = FALSE
	EndGlobalSection
	GlobalSection(ExtensibilityGlobals) = postSolution
		SolutionGuid = {E4ED348F-1354-4D78-8942-02BB024F0BED}
	EndGlobalSection
EndGlobal
